// !$*UTF8*$!
{
	archiveVersion = 1;
	classes = {
	};
	objectVersion = 51;
	objects = {

/* Begin PBXBuildFile section */
		CB2550052566D2DC003BC53C /* AppDelegate.swift in Sources */ = {isa = PBXBuildFile; fileRef = CB2550042566D2DC003BC53C /* AppDelegate.swift */; };
		CB2550072566D2DC003BC53C /* SceneDelegate.swift in Sources */ = {isa = PBXBuildFile; fileRef = CB2550062566D2DC003BC53C /* SceneDelegate.swift */; };
		CB25500E2566D2DE003BC53C /* Assets.xcassets in Resources */ = {isa = PBXBuildFile; fileRef = CB25500D2566D2DE003BC53C /* Assets.xcassets */; };
		CB2550112566D2DE003BC53C /* LaunchScreen.storyboard in Resources */ = {isa = PBXBuildFile; fileRef = CB25500F2566D2DE003BC53C /* LaunchScreen.storyboard */; };
		CB39B4202610F9EE004E6F8F /* ReachabilityManager.swift in Sources */ = {isa = PBXBuildFile; fileRef = CB39B41F2610F9EE004E6F8F /* ReachabilityManager.swift */; };
		CB500AE825752FF3005CD813 /* User.swift in Sources */ = {isa = PBXBuildFile; fileRef = CB500AE725752FF3005CD813 /* User.swift */; };
		CB500B0425767BB9005CD813 /* DriverAnnotation.swift in Sources */ = {isa = PBXBuildFile; fileRef = CB500B0325767BB9005CD813 /* DriverAnnotation.swift */; };
		CB500B35258104FD005CD813 /* Trip.swift in Sources */ = {isa = PBXBuildFile; fileRef = CB500B34258104FC005CD813 /* Trip.swift */; };
		CB500B3F25854827005CD813 /* Enumerations.swift in Sources */ = {isa = PBXBuildFile; fileRef = CB500B3E25854827005CD813 /* Enumerations.swift */; };
		CB5C4FE2259EA1EF000A271D /* LoadingButton.swift in Sources */ = {isa = PBXBuildFile; fileRef = CB5C4FE1259EA1EF000A271D /* LoadingButton.swift */; };
		CB5C504225A4978D000A271D /* UIViewControllerEX.swift in Sources */ = {isa = PBXBuildFile; fileRef = CB5C504125A4978D000A271D /* UIViewControllerEX.swift */; };
		CB5C50A025AB8168000A271D /* Localizable.strings in Resources */ = {isa = PBXBuildFile; fileRef = CB5C50A225AB8168000A271D /* Localizable.strings */; };
		CB5C7DB525FCFAB300B34F62 /* LoginViewController.swift in Sources */ = {isa = PBXBuildFile; fileRef = CB5C7DB425FCFAB300B34F62 /* LoginViewController.swift */; };
		CB5C7DB825FCFACC00B34F62 /* Login.storyboard in Resources */ = {isa = PBXBuildFile; fileRef = CB5C7DB725FCFACC00B34F62 /* Login.storyboard */; };
		CB5C7E1725FD4EEC00B34F62 /* LoginViewModel.swift in Sources */ = {isa = PBXBuildFile; fileRef = CB5C7E1625FD4EEC00B34F62 /* LoginViewModel.swift */; };
		CB5C7E1C25FD588E00B34F62 /* SignupViewController.swift in Sources */ = {isa = PBXBuildFile; fileRef = CB5C7E1B25FD588E00B34F62 /* SignupViewController.swift */; };
		CB5C7E2025FD58AD00B34F62 /* Signup.storyboard in Resources */ = {isa = PBXBuildFile; fileRef = CB5C7E1F25FD58AD00B34F62 /* Signup.storyboard */; };
		CB5C7E2325FD645700B34F62 /* SignupViewModel.swift in Sources */ = {isa = PBXBuildFile; fileRef = CB5C7E2225FD645700B34F62 /* SignupViewModel.swift */; };
		CB64542326135BF6008C895C /* GoogleService-Info.plist in Resources */ = {isa = PBXBuildFile; fileRef = CB64542226135BF6008C895C /* GoogleService-Info.plist */; };
		CB77A0ED2600EAB2009A6FB6 /* SideMenuTableViewCell.swift in Sources */ = {isa = PBXBuildFile; fileRef = CB77A0EB2600EAB2009A6FB6 /* SideMenuTableViewCell.swift */; };
		CB77A0EE2600EAB2009A6FB6 /* SideMenuTableViewCell.xib in Resources */ = {isa = PBXBuildFile; fileRef = CB77A0EC2600EAB2009A6FB6 /* SideMenuTableViewCell.xib */; };
		CB77A0F326012E24009A6FB6 /* HomeDViewController.swift in Sources */ = {isa = PBXBuildFile; fileRef = CB77A0F226012E24009A6FB6 /* HomeDViewController.swift */; };
		CB77A0F626012E34009A6FB6 /* HomeD.storyboard in Resources */ = {isa = PBXBuildFile; fileRef = CB77A0F526012E34009A6FB6 /* HomeD.storyboard */; };
		CB77A0F926012E75009A6FB6 /* SideMenuDViewController.swift in Sources */ = {isa = PBXBuildFile; fileRef = CB77A0F826012E75009A6FB6 /* SideMenuDViewController.swift */; };
		CB77A0FD2601436D009A6FB6 /* HomeDViewModel.swift in Sources */ = {isa = PBXBuildFile; fileRef = CB77A0FC2601436D009A6FB6 /* HomeDViewModel.swift */; };
		CB77A10326018A4C009A6FB6 /* PickupViewController.swift in Sources */ = {isa = PBXBuildFile; fileRef = CB77A10226018A4C009A6FB6 /* PickupViewController.swift */; };
		CB77A10626018A56009A6FB6 /* Pickup.storyboard in Resources */ = {isa = PBXBuildFile; fileRef = CB77A10526018A56009A6FB6 /* Pickup.storyboard */; };
		CB77A109260239F3009A6FB6 /* PickupDViewModel.swift in Sources */ = {isa = PBXBuildFile; fileRef = CB77A108260239F2009A6FB6 /* PickupDViewModel.swift */; };
		CBDAD50E25FE8156007AA22F /* HomePViewController.swift in Sources */ = {isa = PBXBuildFile; fileRef = CBDAD50D25FE8156007AA22F /* HomePViewController.swift */; };
		CBDAD51225FE817E007AA22F /* HomeP.storyboard in Resources */ = {isa = PBXBuildFile; fileRef = CBDAD51125FE817E007AA22F /* HomeP.storyboard */; };
		CBDAD51525FE906D007AA22F /* SideMenuPViewController.swift in Sources */ = {isa = PBXBuildFile; fileRef = CBDAD51425FE906D007AA22F /* SideMenuPViewController.swift */; };
		CBDAD51D25FECD92007AA22F /* LocationInputViewController.swift in Sources */ = {isa = PBXBuildFile; fileRef = CBDAD51C25FECD92007AA22F /* LocationInputViewController.swift */; };
		CBDAD52025FECDAE007AA22F /* LocationInput.storyboard in Resources */ = {isa = PBXBuildFile; fileRef = CBDAD51F25FECDAE007AA22F /* LocationInput.storyboard */; };
		CBDAD52825FEE14C007AA22F /* LocationInputTableViewCell.swift in Sources */ = {isa = PBXBuildFile; fileRef = CBDAD52625FEE14C007AA22F /* LocationInputTableViewCell.swift */; };
		CBDAD52925FEE14C007AA22F /* LocationInputTableViewCell.xib in Resources */ = {isa = PBXBuildFile; fileRef = CBDAD52725FEE14C007AA22F /* LocationInputTableViewCell.xib */; };
		CBDAD52C25FEEC1F007AA22F /* LocationInputPViewModel.swift in Sources */ = {isa = PBXBuildFile; fileRef = CBDAD52B25FEEC1F007AA22F /* LocationInputPViewModel.swift */; };
		CBDAD53225FF863A007AA22F /* FavoritePlacesTableViewCell.swift in Sources */ = {isa = PBXBuildFile; fileRef = CBDAD53025FF863A007AA22F /* FavoritePlacesTableViewCell.swift */; };
		CBDAD53325FF863A007AA22F /* FavoritePlacesTableViewCell.xib in Resources */ = {isa = PBXBuildFile; fileRef = CBDAD53125FF863A007AA22F /* FavoritePlacesTableViewCell.xib */; };
		CBDAD55525FFF19B007AA22F /* HomePViewModel.swift in Sources */ = {isa = PBXBuildFile; fileRef = CBDAD55425FFF19B007AA22F /* HomePViewModel.swift */; };
		CBDCB7132596026600D80759 /* FavoritePlace.swift in Sources */ = {isa = PBXBuildFile; fileRef = CBDCB7122596026600D80759 /* FavoritePlace.swift */; };
		CBEBB3A4260B7C3B0047CCC6 /* LaunchViewController.swift in Sources */ = {isa = PBXBuildFile; fileRef = CBEBB3A3260B7C3B0047CCC6 /* LaunchViewController.swift */; };
		CBEBB3A7260B7C450047CCC6 /* Launch.storyboard in Resources */ = {isa = PBXBuildFile; fileRef = CBEBB3A6260B7C450047CCC6 /* Launch.storyboard */; };
		CBF0AF6C2607E9F70030B5F8 /* SettingsDViewController.swift in Sources */ = {isa = PBXBuildFile; fileRef = CBF0AF6B2607E9F70030B5F8 /* SettingsDViewController.swift */; };
		CBF0AF6F2607EA030030B5F8 /* SettingsD.storyboard in Resources */ = {isa = PBXBuildFile; fileRef = CBF0AF6E2607EA030030B5F8 /* SettingsD.storyboard */; };
		CBF0AF722607EA150030B5F8 /* SettingsDViewModel.swift in Sources */ = {isa = PBXBuildFile; fileRef = CBF0AF712607EA150030B5F8 /* SettingsDViewModel.swift */; };
		CBF48A6D260AAA9A0061976D /* UIColorEX.swift in Sources */ = {isa = PBXBuildFile; fileRef = CBF48A6C260AAA9A0061976D /* UIColorEX.swift */; };
		CBF48A70260AAABA0061976D /* MKMapViewEX.swift in Sources */ = {isa = PBXBuildFile; fileRef = CBF48A6F260AAABA0061976D /* MKMapViewEX.swift */; };
		CBF48A75260AB3EF0061976D /* FirebaseRefrences.swift in Sources */ = {isa = PBXBuildFile; fileRef = CBF48A74260AB3EF0061976D /* FirebaseRefrences.swift */; };
		CBF6FA3B260783F300FDE153 /* EditAccountViewController.swift in Sources */ = {isa = PBXBuildFile; fileRef = CBF6FA3A260783F300FDE153 /* EditAccountViewController.swift */; };
		CBF6FA3F2607841200FDE153 /* EditAccount.storyboard in Resources */ = {isa = PBXBuildFile; fileRef = CBF6FA3E2607841200FDE153 /* EditAccount.storyboard */; };
		CBF6FA422607845300FDE153 /* EditFirstnameViewController.swift in Sources */ = {isa = PBXBuildFile; fileRef = CBF6FA412607845300FDE153 /* EditFirstnameViewController.swift */; };
		CBF6FA452607846000FDE153 /* EditSurnameViewController.swift in Sources */ = {isa = PBXBuildFile; fileRef = CBF6FA442607846000FDE153 /* EditSurnameViewController.swift */; };
		CBF6FA482607847100FDE153 /* EditPhonenumberViewController.swift in Sources */ = {isa = PBXBuildFile; fileRef = CBF6FA472607847100FDE153 /* EditPhonenumberViewController.swift */; };
		CBF6FA4B2607848100FDE153 /* EditPasswordViewController.swift in Sources */ = {isa = PBXBuildFile; fileRef = CBF6FA4A2607848100FDE153 /* EditPasswordViewController.swift */; };
		CBF6FA50260791AB00FDE153 /* EditAccountsTableViewCell.swift in Sources */ = {isa = PBXBuildFile; fileRef = CBF6FA4E260791AB00FDE153 /* EditAccountsTableViewCell.swift */; };
		CBF6FA51260791AB00FDE153 /* EditAccountsTableViewCell.xib in Resources */ = {isa = PBXBuildFile; fileRef = CBF6FA4F260791AB00FDE153 /* EditAccountsTableViewCell.xib */; };
		CBFC1597260564EE00347B96 /* YourTripsPViewController.swift in Sources */ = {isa = PBXBuildFile; fileRef = CBFC1596260564EE00347B96 /* YourTripsPViewController.swift */; };
		CBFC159C2605650700347B96 /* YourTripsP.storyboard in Resources */ = {isa = PBXBuildFile; fileRef = CBFC159B2605650700347B96 /* YourTripsP.storyboard */; };
		CBFC15A0260568FE00347B96 /* YourTripsPViewModel.swift in Sources */ = {isa = PBXBuildFile; fileRef = CBFC159F260568FE00347B96 /* YourTripsPViewModel.swift */; };
		CBFC15AC26056D8600347B96 /* TripsTableViewCell.swift in Sources */ = {isa = PBXBuildFile; fileRef = CBFC15AA26056D8600347B96 /* TripsTableViewCell.swift */; };
		CBFC15AD26056D8600347B96 /* TripsTableViewCell.xib in Resources */ = {isa = PBXBuildFile; fileRef = CBFC15AB26056D8600347B96 /* TripsTableViewCell.xib */; };
		CBFC15B32606071500347B96 /* YourTripsDViewController.swift in Sources */ = {isa = PBXBuildFile; fileRef = CBFC15B22606071500347B96 /* YourTripsDViewController.swift */; };
		CBFC15B72606072200347B96 /* YourTripsD.storyboard in Resources */ = {isa = PBXBuildFile; fileRef = CBFC15B62606072200347B96 /* YourTripsD.storyboard */; };
		CBFC15BA2606080900347B96 /* YourTripsDViewModel.swift in Sources */ = {isa = PBXBuildFile; fileRef = CBFC15B92606080900347B96 /* YourTripsDViewModel.swift */; };
		CBFC15C0260614FB00347B96 /* ProfileInfosTableViewCell.swift in Sources */ = {isa = PBXBuildFile; fileRef = CBFC15BE260614FB00347B96 /* ProfileInfosTableViewCell.swift */; };
		CBFC15C1260614FB00347B96 /* ProfileInfosTableViewCell.xib in Resources */ = {isa = PBXBuildFile; fileRef = CBFC15BF260614FB00347B96 /* ProfileInfosTableViewCell.xib */; };
		CBFC15C62606343900347B96 /* SettingsPViewController.swift in Sources */ = {isa = PBXBuildFile; fileRef = CBFC15C52606343900347B96 /* SettingsPViewController.swift */; };
		CBFC15C92606344B00347B96 /* SettingsP.storyboard in Resources */ = {isa = PBXBuildFile; fileRef = CBFC15C82606344B00347B96 /* SettingsP.storyboard */; };
		CBFC15CE260635FC00347B96 /* SettingsPViewModel.swift in Sources */ = {isa = PBXBuildFile; fileRef = CBFC15CD260635FC00347B96 /* SettingsPViewModel.swift */; };
		CBFC15D42606705F00347B96 /* SetupFavoritePlaceViewModel.swift in Sources */ = {isa = PBXBuildFile; fileRef = CBFC15D32606705F00347B96 /* SetupFavoritePlaceViewModel.swift */; };
		CBFC15D8260671CD00347B96 /* SetupFavoritePlaceViewController.swift in Sources */ = {isa = PBXBuildFile; fileRef = CBFC15D7260671CD00347B96 /* SetupFavoritePlaceViewController.swift */; };
		CBFC15DB260671D900347B96 /* SetupFavoritePlace.storyboard in Resources */ = {isa = PBXBuildFile; fileRef = CBFC15DA260671D900347B96 /* SetupFavoritePlace.storyboard */; };
		DC2E119AD4B926296DA3D9D5 /* Pods_Quadrant.framework in Frameworks */ = {isa = PBXBuildFile; fileRef = DD23494840187233A3AE7A51 /* Pods_Quadrant.framework */; };
/* End PBXBuildFile section */

/* Begin PBXFileReference section */
		4C3C4E5F985E60FF5DB26066 /* Pods-Quadrant.debug.xcconfig */ = {isa = PBXFileReference; includeInIndex = 1; lastKnownFileType = text.xcconfig; name = "Pods-Quadrant.debug.xcconfig"; path = "Target Support Files/Pods-Quadrant/Pods-Quadrant.debug.xcconfig"; sourceTree = "<group>"; };
		769A2E5080E1570350372B84 /* Pods-Uber.debug.xcconfig */ = {isa = PBXFileReference; includeInIndex = 1; lastKnownFileType = text.xcconfig; name = "Pods-Uber.debug.xcconfig"; path = "Target Support Files/Pods-Uber/Pods-Uber.debug.xcconfig"; sourceTree = "<group>"; };
		CB2550012566D2DC003BC53C /* Quadrant.app */ = {isa = PBXFileReference; explicitFileType = wrapper.application; includeInIndex = 0; path = Quadrant.app; sourceTree = BUILT_PRODUCTS_DIR; };
		CB2550042566D2DC003BC53C /* AppDelegate.swift */ = {isa = PBXFileReference; lastKnownFileType = sourcecode.swift; path = AppDelegate.swift; sourceTree = "<group>"; };
		CB2550062566D2DC003BC53C /* SceneDelegate.swift */ = {isa = PBXFileReference; lastKnownFileType = sourcecode.swift; path = SceneDelegate.swift; sourceTree = "<group>"; };
		CB25500D2566D2DE003BC53C /* Assets.xcassets */ = {isa = PBXFileReference; lastKnownFileType = folder.assetcatalog; path = Assets.xcassets; sourceTree = "<group>"; };
		CB2550102566D2DE003BC53C /* Base */ = {isa = PBXFileReference; lastKnownFileType = file.storyboard; name = Base; path = Base.lproj/LaunchScreen.storyboard; sourceTree = "<group>"; };
		CB2550122566D2DE003BC53C /* Info.plist */ = {isa = PBXFileReference; lastKnownFileType = text.plist.xml; path = Info.plist; sourceTree = "<group>"; };
		CB39B41F2610F9EE004E6F8F /* ReachabilityManager.swift */ = {isa = PBXFileReference; lastKnownFileType = sourcecode.swift; path = ReachabilityManager.swift; sourceTree = "<group>"; };
		CB500AE725752FF3005CD813 /* User.swift */ = {isa = PBXFileReference; lastKnownFileType = sourcecode.swift; path = User.swift; sourceTree = "<group>"; };
		CB500B0325767BB9005CD813 /* DriverAnnotation.swift */ = {isa = PBXFileReference; lastKnownFileType = sourcecode.swift; path = DriverAnnotation.swift; sourceTree = "<group>"; };
		CB500B34258104FC005CD813 /* Trip.swift */ = {isa = PBXFileReference; lastKnownFileType = sourcecode.swift; path = Trip.swift; sourceTree = "<group>"; };
		CB500B3E25854827005CD813 /* Enumerations.swift */ = {isa = PBXFileReference; lastKnownFileType = sourcecode.swift; path = Enumerations.swift; sourceTree = "<group>"; };
		CB5C4FE1259EA1EF000A271D /* LoadingButton.swift */ = {isa = PBXFileReference; lastKnownFileType = sourcecode.swift; path = LoadingButton.swift; sourceTree = "<group>"; };
		CB5C504125A4978D000A271D /* UIViewControllerEX.swift */ = {isa = PBXFileReference; lastKnownFileType = sourcecode.swift; path = UIViewControllerEX.swift; sourceTree = "<group>"; };
		CB5C50A125AB8168000A271D /* en */ = {isa = PBXFileReference; lastKnownFileType = text.plist.strings; name = en; path = en.lproj/Localizable.strings; sourceTree = "<group>"; };
		CB5C50A425AB816B000A271D /* ar */ = {isa = PBXFileReference; lastKnownFileType = text.plist.strings; name = ar; path = ar.lproj/Localizable.strings; sourceTree = "<group>"; };
		CB5C7DB425FCFAB300B34F62 /* LoginViewController.swift */ = {isa = PBXFileReference; lastKnownFileType = sourcecode.swift; path = LoginViewController.swift; sourceTree = "<group>"; };
		CB5C7DB725FCFACC00B34F62 /* Login.storyboard */ = {isa = PBXFileReference; lastKnownFileType = file.storyboard; path = Login.storyboard; sourceTree = "<group>"; };
		CB5C7E1625FD4EEC00B34F62 /* LoginViewModel.swift */ = {isa = PBXFileReference; lastKnownFileType = sourcecode.swift; path = LoginViewModel.swift; sourceTree = "<group>"; };
		CB5C7E1B25FD588E00B34F62 /* SignupViewController.swift */ = {isa = PBXFileReference; lastKnownFileType = sourcecode.swift; path = SignupViewController.swift; sourceTree = "<group>"; };
		CB5C7E1F25FD58AD00B34F62 /* Signup.storyboard */ = {isa = PBXFileReference; lastKnownFileType = file.storyboard; path = Signup.storyboard; sourceTree = "<group>"; };
		CB5C7E2225FD645700B34F62 /* SignupViewModel.swift */ = {isa = PBXFileReference; lastKnownFileType = sourcecode.swift; path = SignupViewModel.swift; sourceTree = "<group>"; };
		CB64542226135BF6008C895C /* GoogleService-Info.plist */ = {isa = PBXFileReference; fileEncoding = 4; lastKnownFileType = text.plist.xml; path = "GoogleService-Info.plist"; sourceTree = "<group>"; };
		CB64542826137FA4008C895C /* Quadrant.entitlements */ = {isa = PBXFileReference; lastKnownFileType = text.plist.entitlements; path = Quadrant.entitlements; sourceTree = "<group>"; };
		CB77A0EB2600EAB2009A6FB6 /* SideMenuTableViewCell.swift */ = {isa = PBXFileReference; lastKnownFileType = sourcecode.swift; path = SideMenuTableViewCell.swift; sourceTree = "<group>"; };
		CB77A0EC2600EAB2009A6FB6 /* SideMenuTableViewCell.xib */ = {isa = PBXFileReference; lastKnownFileType = file.xib; path = SideMenuTableViewCell.xib; sourceTree = "<group>"; };
		CB77A0F226012E24009A6FB6 /* HomeDViewController.swift */ = {isa = PBXFileReference; lastKnownFileType = sourcecode.swift; path = HomeDViewController.swift; sourceTree = "<group>"; };
		CB77A0F526012E34009A6FB6 /* HomeD.storyboard */ = {isa = PBXFileReference; lastKnownFileType = file.storyboard; path = HomeD.storyboard; sourceTree = "<group>"; };
		CB77A0F826012E75009A6FB6 /* SideMenuDViewController.swift */ = {isa = PBXFileReference; lastKnownFileType = sourcecode.swift; path = SideMenuDViewController.swift; sourceTree = "<group>"; };
		CB77A0FC2601436D009A6FB6 /* HomeDViewModel.swift */ = {isa = PBXFileReference; lastKnownFileType = sourcecode.swift; path = HomeDViewModel.swift; sourceTree = "<group>"; };
		CB77A10226018A4C009A6FB6 /* PickupViewController.swift */ = {isa = PBXFileReference; lastKnownFileType = sourcecode.swift; path = PickupViewController.swift; sourceTree = "<group>"; };
		CB77A10526018A56009A6FB6 /* Pickup.storyboard */ = {isa = PBXFileReference; lastKnownFileType = file.storyboard; path = Pickup.storyboard; sourceTree = "<group>"; };
		CB77A108260239F2009A6FB6 /* PickupDViewModel.swift */ = {isa = PBXFileReference; lastKnownFileType = sourcecode.swift; path = PickupDViewModel.swift; sourceTree = "<group>"; };
		CBDAD50D25FE8156007AA22F /* HomePViewController.swift */ = {isa = PBXFileReference; lastKnownFileType = sourcecode.swift; path = HomePViewController.swift; sourceTree = "<group>"; };
		CBDAD51125FE817E007AA22F /* HomeP.storyboard */ = {isa = PBXFileReference; lastKnownFileType = file.storyboard; path = HomeP.storyboard; sourceTree = "<group>"; };
		CBDAD51425FE906D007AA22F /* SideMenuPViewController.swift */ = {isa = PBXFileReference; lastKnownFileType = sourcecode.swift; path = SideMenuPViewController.swift; sourceTree = "<group>"; };
		CBDAD51C25FECD92007AA22F /* LocationInputViewController.swift */ = {isa = PBXFileReference; lastKnownFileType = sourcecode.swift; name = LocationInputViewController.swift; path = Quadrant/Controller/LocationInputViewController.swift; sourceTree = SOURCE_ROOT; };
		CBDAD51F25FECDAE007AA22F /* LocationInput.storyboard */ = {isa = PBXFileReference; lastKnownFileType = file.storyboard; path = LocationInput.storyboard; sourceTree = "<group>"; };
		CBDAD52625FEE14C007AA22F /* LocationInputTableViewCell.swift */ = {isa = PBXFileReference; lastKnownFileType = sourcecode.swift; path = LocationInputTableViewCell.swift; sourceTree = "<group>"; };
		CBDAD52725FEE14C007AA22F /* LocationInputTableViewCell.xib */ = {isa = PBXFileReference; lastKnownFileType = file.xib; path = LocationInputTableViewCell.xib; sourceTree = "<group>"; };
		CBDAD52B25FEEC1F007AA22F /* LocationInputPViewModel.swift */ = {isa = PBXFileReference; lastKnownFileType = sourcecode.swift; path = LocationInputPViewModel.swift; sourceTree = "<group>"; };
		CBDAD53025FF863A007AA22F /* FavoritePlacesTableViewCell.swift */ = {isa = PBXFileReference; lastKnownFileType = sourcecode.swift; path = FavoritePlacesTableViewCell.swift; sourceTree = "<group>"; };
		CBDAD53125FF863A007AA22F /* FavoritePlacesTableViewCell.xib */ = {isa = PBXFileReference; lastKnownFileType = file.xib; path = FavoritePlacesTableViewCell.xib; sourceTree = "<group>"; };
		CBDAD55425FFF19B007AA22F /* HomePViewModel.swift */ = {isa = PBXFileReference; lastKnownFileType = sourcecode.swift; path = HomePViewModel.swift; sourceTree = "<group>"; };
		CBDCB7122596026600D80759 /* FavoritePlace.swift */ = {isa = PBXFileReference; lastKnownFileType = sourcecode.swift; path = FavoritePlace.swift; sourceTree = "<group>"; };
		CBEBB3A3260B7C3B0047CCC6 /* LaunchViewController.swift */ = {isa = PBXFileReference; lastKnownFileType = sourcecode.swift; path = LaunchViewController.swift; sourceTree = "<group>"; };
		CBEBB3A6260B7C450047CCC6 /* Launch.storyboard */ = {isa = PBXFileReference; lastKnownFileType = file.storyboard; path = Launch.storyboard; sourceTree = "<group>"; };
		CBF0AF6B2607E9F70030B5F8 /* SettingsDViewController.swift */ = {isa = PBXFileReference; lastKnownFileType = sourcecode.swift; path = SettingsDViewController.swift; sourceTree = "<group>"; };
		CBF0AF6E2607EA030030B5F8 /* SettingsD.storyboard */ = {isa = PBXFileReference; lastKnownFileType = file.storyboard; path = SettingsD.storyboard; sourceTree = "<group>"; };
		CBF0AF712607EA150030B5F8 /* SettingsDViewModel.swift */ = {isa = PBXFileReference; lastKnownFileType = sourcecode.swift; path = SettingsDViewModel.swift; sourceTree = "<group>"; };
		CBF48A6C260AAA9A0061976D /* UIColorEX.swift */ = {isa = PBXFileReference; lastKnownFileType = sourcecode.swift; path = UIColorEX.swift; sourceTree = "<group>"; };
		CBF48A6F260AAABA0061976D /* MKMapViewEX.swift */ = {isa = PBXFileReference; lastKnownFileType = sourcecode.swift; path = MKMapViewEX.swift; sourceTree = "<group>"; };
		CBF48A74260AB3EF0061976D /* FirebaseRefrences.swift */ = {isa = PBXFileReference; lastKnownFileType = sourcecode.swift; path = FirebaseRefrences.swift; sourceTree = "<group>"; };
		CBF6FA3A260783F300FDE153 /* EditAccountViewController.swift */ = {isa = PBXFileReference; lastKnownFileType = sourcecode.swift; path = EditAccountViewController.swift; sourceTree = "<group>"; };
		CBF6FA3E2607841200FDE153 /* EditAccount.storyboard */ = {isa = PBXFileReference; lastKnownFileType = file.storyboard; path = EditAccount.storyboard; sourceTree = "<group>"; };
		CBF6FA412607845300FDE153 /* EditFirstnameViewController.swift */ = {isa = PBXFileReference; lastKnownFileType = sourcecode.swift; path = EditFirstnameViewController.swift; sourceTree = "<group>"; };
		CBF6FA442607846000FDE153 /* EditSurnameViewController.swift */ = {isa = PBXFileReference; lastKnownFileType = sourcecode.swift; path = EditSurnameViewController.swift; sourceTree = "<group>"; };
		CBF6FA472607847100FDE153 /* EditPhonenumberViewController.swift */ = {isa = PBXFileReference; lastKnownFileType = sourcecode.swift; path = EditPhonenumberViewController.swift; sourceTree = "<group>"; };
		CBF6FA4A2607848100FDE153 /* EditPasswordViewController.swift */ = {isa = PBXFileReference; lastKnownFileType = sourcecode.swift; path = EditPasswordViewController.swift; sourceTree = "<group>"; };
		CBF6FA4E260791AB00FDE153 /* EditAccountsTableViewCell.swift */ = {isa = PBXFileReference; lastKnownFileType = sourcecode.swift; path = EditAccountsTableViewCell.swift; sourceTree = "<group>"; };
		CBF6FA4F260791AB00FDE153 /* EditAccountsTableViewCell.xib */ = {isa = PBXFileReference; lastKnownFileType = file.xib; path = EditAccountsTableViewCell.xib; sourceTree = "<group>"; };
		CBFC1596260564EE00347B96 /* YourTripsPViewController.swift */ = {isa = PBXFileReference; lastKnownFileType = sourcecode.swift; path = YourTripsPViewController.swift; sourceTree = "<group>"; };
		CBFC159B2605650700347B96 /* YourTripsP.storyboard */ = {isa = PBXFileReference; lastKnownFileType = file.storyboard; path = YourTripsP.storyboard; sourceTree = "<group>"; };
		CBFC159F260568FE00347B96 /* YourTripsPViewModel.swift */ = {isa = PBXFileReference; lastKnownFileType = sourcecode.swift; path = YourTripsPViewModel.swift; sourceTree = "<group>"; };
		CBFC15AA26056D8600347B96 /* TripsTableViewCell.swift */ = {isa = PBXFileReference; lastKnownFileType = sourcecode.swift; path = TripsTableViewCell.swift; sourceTree = "<group>"; };
		CBFC15AB26056D8600347B96 /* TripsTableViewCell.xib */ = {isa = PBXFileReference; lastKnownFileType = file.xib; path = TripsTableViewCell.xib; sourceTree = "<group>"; };
		CBFC15B22606071500347B96 /* YourTripsDViewController.swift */ = {isa = PBXFileReference; lastKnownFileType = sourcecode.swift; path = YourTripsDViewController.swift; sourceTree = "<group>"; };
		CBFC15B62606072200347B96 /* YourTripsD.storyboard */ = {isa = PBXFileReference; lastKnownFileType = file.storyboard; path = YourTripsD.storyboard; sourceTree = "<group>"; };
		CBFC15B92606080900347B96 /* YourTripsDViewModel.swift */ = {isa = PBXFileReference; lastKnownFileType = sourcecode.swift; path = YourTripsDViewModel.swift; sourceTree = "<group>"; };
		CBFC15BE260614FB00347B96 /* ProfileInfosTableViewCell.swift */ = {isa = PBXFileReference; lastKnownFileType = sourcecode.swift; path = ProfileInfosTableViewCell.swift; sourceTree = "<group>"; };
		CBFC15BF260614FB00347B96 /* ProfileInfosTableViewCell.xib */ = {isa = PBXFileReference; lastKnownFileType = file.xib; path = ProfileInfosTableViewCell.xib; sourceTree = "<group>"; };
		CBFC15C52606343900347B96 /* SettingsPViewController.swift */ = {isa = PBXFileReference; lastKnownFileType = sourcecode.swift; path = SettingsPViewController.swift; sourceTree = "<group>"; };
		CBFC15C82606344B00347B96 /* SettingsP.storyboard */ = {isa = PBXFileReference; lastKnownFileType = file.storyboard; path = SettingsP.storyboard; sourceTree = "<group>"; };
		CBFC15CD260635FC00347B96 /* SettingsPViewModel.swift */ = {isa = PBXFileReference; lastKnownFileType = sourcecode.swift; path = SettingsPViewModel.swift; sourceTree = "<group>"; };
		CBFC15D32606705F00347B96 /* SetupFavoritePlaceViewModel.swift */ = {isa = PBXFileReference; lastKnownFileType = sourcecode.swift; path = SetupFavoritePlaceViewModel.swift; sourceTree = "<group>"; };
		CBFC15D7260671CD00347B96 /* SetupFavoritePlaceViewController.swift */ = {isa = PBXFileReference; lastKnownFileType = sourcecode.swift; path = SetupFavoritePlaceViewController.swift; sourceTree = "<group>"; };
		CBFC15DA260671D900347B96 /* SetupFavoritePlace.storyboard */ = {isa = PBXFileReference; lastKnownFileType = file.storyboard; path = SetupFavoritePlace.storyboard; sourceTree = "<group>"; };
		DD23494840187233A3AE7A51 /* Pods_Quadrant.framework */ = {isa = PBXFileReference; explicitFileType = wrapper.framework; includeInIndex = 0; path = Pods_Quadrant.framework; sourceTree = BUILT_PRODUCTS_DIR; };
		F9CE900035D4FA735CD5067A /* Pods-Uber.release.xcconfig */ = {isa = PBXFileReference; includeInIndex = 1; lastKnownFileType = text.xcconfig; name = "Pods-Uber.release.xcconfig"; path = "Target Support Files/Pods-Uber/Pods-Uber.release.xcconfig"; sourceTree = "<group>"; };
		FC36ADEDBA85C218BAC316A6 /* Pods-Quadrant.release.xcconfig */ = {isa = PBXFileReference; includeInIndex = 1; lastKnownFileType = text.xcconfig; name = "Pods-Quadrant.release.xcconfig"; path = "Target Support Files/Pods-Quadrant/Pods-Quadrant.release.xcconfig"; sourceTree = "<group>"; };
/* End PBXFileReference section */

/* Begin PBXFrameworksBuildPhase section */
		CB254FFE2566D2DC003BC53C /* Frameworks */ = {
			isa = PBXFrameworksBuildPhase;
			buildActionMask = 2147483647;
			files = (
				DC2E119AD4B926296DA3D9D5 /* Pods_Quadrant.framework in Frameworks */,
			);
			runOnlyForDeploymentPostprocessing = 0;
		};
/* End PBXFrameworksBuildPhase section */

/* Begin PBXGroup section */
		1A71CF798116B160A96D78F4 /* Frameworks */ = {
			isa = PBXGroup;
			children = (
				DD23494840187233A3AE7A51 /* Pods_Quadrant.framework */,
			);
			name = Frameworks;
			sourceTree = "<group>";
		};
		854B485C59AC56003FFB7E19 /* Pods */ = {
			isa = PBXGroup;
			children = (
				769A2E5080E1570350372B84 /* Pods-Uber.debug.xcconfig */,
				F9CE900035D4FA735CD5067A /* Pods-Uber.release.xcconfig */,
				4C3C4E5F985E60FF5DB26066 /* Pods-Quadrant.debug.xcconfig */,
				FC36ADEDBA85C218BAC316A6 /* Pods-Quadrant.release.xcconfig */,
			);
			path = Pods;
			sourceTree = "<group>";
		};
		CB254FF82566D2DC003BC53C = {
			isa = PBXGroup;
			children = (
				CB2550032566D2DC003BC53C /* Quadrant */,
				CB2550022566D2DC003BC53C /* Products */,
				854B485C59AC56003FFB7E19 /* Pods */,
				1A71CF798116B160A96D78F4 /* Frameworks */,
			);
			sourceTree = "<group>";
		};
		CB2550022566D2DC003BC53C /* Products */ = {
			isa = PBXGroup;
			children = (
				CB2550012566D2DC003BC53C /* Quadrant.app */,
			);
			name = Products;
			sourceTree = "<group>";
		};
		CB2550032566D2DC003BC53C /* Quadrant */ = {
			isa = PBXGroup;
			children = (
				CB64542826137FA4008C895C /* Quadrant.entitlements */,
				CBEBB3A2260B7C230047CCC6 /* LaunchScene */,
				CBDAD52425FEE103007AA22F /* Cells */,
				CBF6FA382607832900FDE153 /* EditAccountScenes */,
				CBDAD50725FE802E007AA22F /* DriverSide */,
				CBDAD50625FE801D007AA22F /* PassengerSide */,
				CB5C7DAE25FCF9C700B34F62 /* Authentication */,
				CB8C0E5225693C8200C714B8 /* Utilities */,
				CB8C0E5025693C7D00C714B8 /* Model */,
				CB2550042566D2DC003BC53C /* AppDelegate.swift */,
				CB2550062566D2DC003BC53C /* SceneDelegate.swift */,
				CB25500D2566D2DE003BC53C /* Assets.xcassets */,
				CB25500F2566D2DE003BC53C /* LaunchScreen.storyboard */,
				CB2550122566D2DE003BC53C /* Info.plist */,
				CB64542226135BF6008C895C /* GoogleService-Info.plist */,
				CB5C50A225AB8168000A271D /* Localizable.strings */,
			);
			path = Quadrant;
			sourceTree = "<group>";
		};
		CB5C7DAE25FCF9C700B34F62 /* Authentication */ = {
			isa = PBXGroup;
			children = (
				CB5C7DB025FCF9E200B34F62 /* SignupScene */,
				CB5C7DAF25FCF9D900B34F62 /* LoginScene */,
			);
			path = Authentication;
			sourceTree = "<group>";
		};
		CB5C7DAF25FCF9D900B34F62 /* LoginScene */ = {
			isa = PBXGroup;
			children = (
				CB5C7DB225FCFA0000B34F62 /* ViewModel */,
				CB5C7DB125FCF9FA00B34F62 /* View */,
			);
			path = LoginScene;
			sourceTree = "<group>";
		};
		CB5C7DB025FCF9E200B34F62 /* SignupScene */ = {
			isa = PBXGroup;
			children = (
				CB5C7E1A25FD586D00B34F62 /* ViewModel */,
				CB5C7E1925FD586600B34F62 /* View */,
			);
			path = SignupScene;
			sourceTree = "<group>";
		};
		CB5C7DB125FCF9FA00B34F62 /* View */ = {
			isa = PBXGroup;
			children = (
				CB5C7DB425FCFAB300B34F62 /* LoginViewController.swift */,
				CB5C7DB725FCFACC00B34F62 /* Login.storyboard */,
			);
			path = View;
			sourceTree = "<group>";
		};
		CB5C7DB225FCFA0000B34F62 /* ViewModel */ = {
			isa = PBXGroup;
			children = (
				CB5C7E1625FD4EEC00B34F62 /* LoginViewModel.swift */,
			);
			path = ViewModel;
			sourceTree = "<group>";
		};
		CB5C7E1925FD586600B34F62 /* View */ = {
			isa = PBXGroup;
			children = (
				CB5C7E1B25FD588E00B34F62 /* SignupViewController.swift */,
				CB5C7E1F25FD58AD00B34F62 /* Signup.storyboard */,
			);
			path = View;
			sourceTree = "<group>";
		};
		CB5C7E1A25FD586D00B34F62 /* ViewModel */ = {
			isa = PBXGroup;
			children = (
				CB5C7E2225FD645700B34F62 /* SignupViewModel.swift */,
			);
			path = ViewModel;
			sourceTree = "<group>";
		};
		CB77A0EA2600EA94009A6FB6 /* SideMenuCell */ = {
			isa = PBXGroup;
			children = (
				CB77A0EB2600EAB2009A6FB6 /* SideMenuTableViewCell.swift */,
				CB77A0EC2600EAB2009A6FB6 /* SideMenuTableViewCell.xib */,
			);
			path = SideMenuCell;
			sourceTree = "<group>";
		};
		CB77A0F026012DF9009A6FB6 /* View */ = {
			isa = PBXGroup;
			children = (
				CB77A0F226012E24009A6FB6 /* HomeDViewController.swift */,
				CB77A0F826012E75009A6FB6 /* SideMenuDViewController.swift */,
				CB77A0F526012E34009A6FB6 /* HomeD.storyboard */,
			);
			path = View;
			sourceTree = "<group>";
		};
		CB77A0F126012DFE009A6FB6 /* ViewModel */ = {
			isa = PBXGroup;
			children = (
				CB77A0FC2601436D009A6FB6 /* HomeDViewModel.swift */,
			);
			path = ViewModel;
			sourceTree = "<group>";
		};
		CB77A0FF26018998009A6FB6 /* PickupScene */ = {
			isa = PBXGroup;
			children = (
				CB77A101260189B8009A6FB6 /* ViewModel */,
				CB77A100260189B1009A6FB6 /* View */,
			);
			path = PickupScene;
			sourceTree = "<group>";
		};
		CB77A100260189B1009A6FB6 /* View */ = {
			isa = PBXGroup;
			children = (
				CB77A10226018A4C009A6FB6 /* PickupViewController.swift */,
				CB77A10526018A56009A6FB6 /* Pickup.storyboard */,
			);
			path = View;
			sourceTree = "<group>";
		};
		CB77A101260189B8009A6FB6 /* ViewModel */ = {
			isa = PBXGroup;
			children = (
				CB77A108260239F2009A6FB6 /* PickupDViewModel.swift */,
			);
			path = ViewModel;
			sourceTree = "<group>";
		};
		CB8C0E5025693C7D00C714B8 /* Model */ = {
			isa = PBXGroup;
			children = (
				CB500AE725752FF3005CD813 /* User.swift */,
				CB500B0325767BB9005CD813 /* DriverAnnotation.swift */,
				CB500B34258104FC005CD813 /* Trip.swift */,
				CBDCB7122596026600D80759 /* FavoritePlace.swift */,
			);
			path = Model;
			sourceTree = "<group>";
		};
		CB8C0E5225693C8200C714B8 /* Utilities */ = {
			isa = PBXGroup;
			children = (
				CB500B3E25854827005CD813 /* Enumerations.swift */,
				CB5C4FE1259EA1EF000A271D /* LoadingButton.swift */,
				CB5C504125A4978D000A271D /* UIViewControllerEX.swift */,
				CBF48A6C260AAA9A0061976D /* UIColorEX.swift */,
				CBF48A6F260AAABA0061976D /* MKMapViewEX.swift */,
				CBF48A74260AB3EF0061976D /* FirebaseRefrences.swift */,
				CB39B41F2610F9EE004E6F8F /* ReachabilityManager.swift */,
			);
			path = Utilities;
			sourceTree = "<group>";
		};
		CBDAD50625FE801D007AA22F /* PassengerSide */ = {
			isa = PBXGroup;
			children = (
				CBFC15D02606700500347B96 /* SetupFavoritePlaceScene */,
				CBFC15C32606340000347B96 /* SettingsPScene */,
				CBFC15932605641C00347B96 /* YourTripsPScene */,
				CBDAD51825FECD4D007AA22F /* LocationInputScene */,
				CBDAD50825FE803A007AA22F /* HomeScene */,
			);
			path = PassengerSide;
			sourceTree = "<group>";
		};
		CBDAD50725FE802E007AA22F /* DriverSide */ = {
			isa = PBXGroup;
			children = (
				CBF0AF682607E9C90030B5F8 /* SettingsDScene */,
				CBFC15AF260606D500347B96 /* YourTripsDScene */,
				CB77A0FF26018998009A6FB6 /* PickupScene */,
				CBDAD50925FE8056007AA22F /* HomeScene */,
			);
			path = DriverSide;
			sourceTree = "<group>";
		};
		CBDAD50825FE803A007AA22F /* HomeScene */ = {
			isa = PBXGroup;
			children = (
				CBDAD50B25FE8121007AA22F /* ViewModel */,
				CBDAD50A25FE8118007AA22F /* View */,
			);
			path = HomeScene;
			sourceTree = "<group>";
		};
		CBDAD50925FE8056007AA22F /* HomeScene */ = {
			isa = PBXGroup;
			children = (
				CB77A0F126012DFE009A6FB6 /* ViewModel */,
				CB77A0F026012DF9009A6FB6 /* View */,
			);
			path = HomeScene;
			sourceTree = "<group>";
		};
		CBDAD50A25FE8118007AA22F /* View */ = {
			isa = PBXGroup;
			children = (
				CBDAD50D25FE8156007AA22F /* HomePViewController.swift */,
				CBDAD51425FE906D007AA22F /* SideMenuPViewController.swift */,
				CBDAD51125FE817E007AA22F /* HomeP.storyboard */,
			);
			path = View;
			sourceTree = "<group>";
		};
		CBDAD50B25FE8121007AA22F /* ViewModel */ = {
			isa = PBXGroup;
			children = (
				CBDAD55425FFF19B007AA22F /* HomePViewModel.swift */,
			);
			path = ViewModel;
			sourceTree = "<group>";
		};
		CBDAD51825FECD4D007AA22F /* LocationInputScene */ = {
			isa = PBXGroup;
			children = (
				CBDAD51A25FECD6A007AA22F /* ViewModel */,
				CBDAD51925FECD65007AA22F /* View */,
			);
			path = LocationInputScene;
			sourceTree = "<group>";
		};
		CBDAD51925FECD65007AA22F /* View */ = {
			isa = PBXGroup;
			children = (
				CBDAD51C25FECD92007AA22F /* LocationInputViewController.swift */,
				CBDAD51F25FECDAE007AA22F /* LocationInput.storyboard */,
			);
			path = View;
			sourceTree = "<group>";
		};
		CBDAD51A25FECD6A007AA22F /* ViewModel */ = {
			isa = PBXGroup;
			children = (
				CBDAD52B25FEEC1F007AA22F /* LocationInputPViewModel.swift */,
			);
			path = ViewModel;
			sourceTree = "<group>";
		};
		CBDAD52425FEE103007AA22F /* Cells */ = {
			isa = PBXGroup;
			children = (
				CBF6FA4D2607915500FDE153 /* EditAccountCell */,
				CBFC15BD260614C900347B96 /* ProfileInfosCell */,
				CBFC15A226056D0400347B96 /* YourTripsCell */,
				CB77A0EA2600EA94009A6FB6 /* SideMenuCell */,
				CBDAD52F25FF8618007AA22F /* FavoritePlacesCell */,
				CBDAD52525FEE109007AA22F /* LocationInputCell */,
			);
			path = Cells;
			sourceTree = "<group>";
		};
		CBDAD52525FEE109007AA22F /* LocationInputCell */ = {
			isa = PBXGroup;
			children = (
				CBDAD52625FEE14C007AA22F /* LocationInputTableViewCell.swift */,
				CBDAD52725FEE14C007AA22F /* LocationInputTableViewCell.xib */,
			);
			path = LocationInputCell;
			sourceTree = "<group>";
		};
		CBDAD52F25FF8618007AA22F /* FavoritePlacesCell */ = {
			isa = PBXGroup;
			children = (
				CBDAD53025FF863A007AA22F /* FavoritePlacesTableViewCell.swift */,
				CBDAD53125FF863A007AA22F /* FavoritePlacesTableViewCell.xib */,
			);
			path = FavoritePlacesCell;
			sourceTree = "<group>";
		};
		CBEBB3A2260B7C230047CCC6 /* LaunchScene */ = {
			isa = PBXGroup;
			children = (
				CBEBB3A3260B7C3B0047CCC6 /* LaunchViewController.swift */,
				CBEBB3A6260B7C450047CCC6 /* Launch.storyboard */,
			);
			path = LaunchScene;
			sourceTree = "<group>";
		};
		CBF0AF682607E9C90030B5F8 /* SettingsDScene */ = {
			isa = PBXGroup;
			children = (
				CBF0AF6A2607E9E10030B5F8 /* ViewModel */,
				CBF0AF692607E9D60030B5F8 /* View */,
			);
			path = SettingsDScene;
			sourceTree = "<group>";
		};
		CBF0AF692607E9D60030B5F8 /* View */ = {
			isa = PBXGroup;
			children = (
				CBF0AF6B2607E9F70030B5F8 /* SettingsDViewController.swift */,
				CBF0AF6E2607EA030030B5F8 /* SettingsD.storyboard */,
			);
			path = View;
			sourceTree = "<group>";
		};
		CBF0AF6A2607E9E10030B5F8 /* ViewModel */ = {
			isa = PBXGroup;
			children = (
				CBF0AF712607EA150030B5F8 /* SettingsDViewModel.swift */,
			);
			path = ViewModel;
			sourceTree = "<group>";
		};
		CBF6FA382607832900FDE153 /* EditAccountScenes */ = {
			isa = PBXGroup;
			children = (
				CBF6FA3A260783F300FDE153 /* EditAccountViewController.swift */,
				CBF6FA3E2607841200FDE153 /* EditAccount.storyboard */,
				CBF6FA412607845300FDE153 /* EditFirstnameViewController.swift */,
				CBF6FA442607846000FDE153 /* EditSurnameViewController.swift */,
				CBF6FA472607847100FDE153 /* EditPhonenumberViewController.swift */,
				CBF6FA4A2607848100FDE153 /* EditPasswordViewController.swift */,
			);
			path = EditAccountScenes;
			sourceTree = "<group>";
		};
		CBF6FA4D2607915500FDE153 /* EditAccountCell */ = {
			isa = PBXGroup;
			children = (
				CBF6FA4E260791AB00FDE153 /* EditAccountsTableViewCell.swift */,
				CBF6FA4F260791AB00FDE153 /* EditAccountsTableViewCell.xib */,
			);
			path = EditAccountCell;
			sourceTree = "<group>";
		};
		CBFC15932605641C00347B96 /* YourTripsPScene */ = {
			isa = PBXGroup;
			children = (
				CBFC1595260564CD00347B96 /* ViewModel */,
				CBFC15942605643100347B96 /* View */,
			);
			path = YourTripsPScene;
			sourceTree = "<group>";
		};
		CBFC15942605643100347B96 /* View */ = {
			isa = PBXGroup;
			children = (
				CBFC1596260564EE00347B96 /* YourTripsPViewController.swift */,
				CBFC159B2605650700347B96 /* YourTripsP.storyboard */,
			);
			path = View;
			sourceTree = "<group>";
		};
		CBFC1595260564CD00347B96 /* ViewModel */ = {
			isa = PBXGroup;
			children = (
				CBFC159F260568FE00347B96 /* YourTripsPViewModel.swift */,
			);
			path = ViewModel;
			sourceTree = "<group>";
		};
		CBFC15A226056D0400347B96 /* YourTripsCell */ = {
			isa = PBXGroup;
			children = (
				CBFC15AA26056D8600347B96 /* TripsTableViewCell.swift */,
				CBFC15AB26056D8600347B96 /* TripsTableViewCell.xib */,
			);
			path = YourTripsCell;
			sourceTree = "<group>";
		};
		CBFC15AF260606D500347B96 /* YourTripsDScene */ = {
			isa = PBXGroup;
			children = (
				CBFC15B1260606EF00347B96 /* ViewModel */,
				CBFC15B0260606E800347B96 /* View */,
			);
			path = YourTripsDScene;
			sourceTree = "<group>";
		};
		CBFC15B0260606E800347B96 /* View */ = {
			isa = PBXGroup;
			children = (
				CBFC15B22606071500347B96 /* YourTripsDViewController.swift */,
				CBFC15B62606072200347B96 /* YourTripsD.storyboard */,
			);
			path = View;
			sourceTree = "<group>";
		};
		CBFC15B1260606EF00347B96 /* ViewModel */ = {
			isa = PBXGroup;
			children = (
				CBFC15B92606080900347B96 /* YourTripsDViewModel.swift */,
			);
			path = ViewModel;
			sourceTree = "<group>";
		};
		CBFC15BD260614C900347B96 /* ProfileInfosCell */ = {
			isa = PBXGroup;
			children = (
				CBFC15BE260614FB00347B96 /* ProfileInfosTableViewCell.swift */,
				CBFC15BF260614FB00347B96 /* ProfileInfosTableViewCell.xib */,
			);
			path = ProfileInfosCell;
			sourceTree = "<group>";
		};
		CBFC15C32606340000347B96 /* SettingsPScene */ = {
			isa = PBXGroup;
			children = (
				CBFC15CB2606347D00347B96 /* ViewModel */,
				CBFC15CA2606347400347B96 /* View */,
			);
			path = SettingsPScene;
			sourceTree = "<group>";
		};
		CBFC15CA2606347400347B96 /* View */ = {
			isa = PBXGroup;
			children = (
				CBFC15C52606343900347B96 /* SettingsPViewController.swift */,
				CBFC15C82606344B00347B96 /* SettingsP.storyboard */,
			);
			path = View;
			sourceTree = "<group>";
		};
		CBFC15CB2606347D00347B96 /* ViewModel */ = {
			isa = PBXGroup;
			children = (
				CBFC15CD260635FC00347B96 /* SettingsPViewModel.swift */,
			);
			path = ViewModel;
			sourceTree = "<group>";
		};
		CBFC15D02606700500347B96 /* SetupFavoritePlaceScene */ = {
			isa = PBXGroup;
			children = (
				CBFC15D22606704500347B96 /* ViewModel */,
				CBFC15D12606702B00347B96 /* View */,
			);
			path = SetupFavoritePlaceScene;
			sourceTree = "<group>";
		};
		CBFC15D12606702B00347B96 /* View */ = {
			isa = PBXGroup;
			children = (
				CBFC15D7260671CD00347B96 /* SetupFavoritePlaceViewController.swift */,
				CBFC15DA260671D900347B96 /* SetupFavoritePlace.storyboard */,
			);
			path = View;
			sourceTree = "<group>";
		};
		CBFC15D22606704500347B96 /* ViewModel */ = {
			isa = PBXGroup;
			children = (
				CBFC15D32606705F00347B96 /* SetupFavoritePlaceViewModel.swift */,
			);
			path = ViewModel;
			sourceTree = "<group>";
		};
/* End PBXGroup section */

/* Begin PBXNativeTarget section */
		CB2550002566D2DC003BC53C /* Quadrant */ = {
			isa = PBXNativeTarget;
			buildConfigurationList = CB2550152566D2DE003BC53C /* Build configuration list for PBXNativeTarget "Quadrant" */;
			buildPhases = (
				A51DD2DCC997188EBC019EA3 /* [CP] Check Pods Manifest.lock */,
				CB254FFD2566D2DC003BC53C /* Sources */,
				CB254FFE2566D2DC003BC53C /* Frameworks */,
				CB254FFF2566D2DC003BC53C /* Resources */,
				30A20C2C3F88F255FE38150C /* [CP] Copy Pods Resources */,
			);
			buildRules = (
			);
			dependencies = (
			);
			name = Quadrant;
			productName = Uber;
			productReference = CB2550012566D2DC003BC53C /* Quadrant.app */;
			productType = "com.apple.product-type.application";
		};
/* End PBXNativeTarget section */

/* Begin PBXProject section */
		CB254FF92566D2DC003BC53C /* Project object */ = {
			isa = PBXProject;
			attributes = {
				LastSwiftUpdateCheck = 1220;
				LastUpgradeCheck = 1220;
				TargetAttributes = {
					CB2550002566D2DC003BC53C = {
						CreatedOnToolsVersion = 12.2;
					};
				};
			};
			buildConfigurationList = CB254FFC2566D2DC003BC53C /* Build configuration list for PBXProject "Quadrant" */;
			compatibilityVersion = "Xcode 9.3";
			developmentRegion = en;
			hasScannedForEncodings = 0;
			knownRegions = (
				en,
				Base,
				ar,
			);
			mainGroup = CB254FF82566D2DC003BC53C;
			productRefGroup = CB2550022566D2DC003BC53C /* Products */;
			projectDirPath = "";
			projectRoot = "";
			targets = (
				CB2550002566D2DC003BC53C /* Quadrant */,
			);
		};
/* End PBXProject section */

/* Begin PBXResourcesBuildPhase section */
		CB254FFF2566D2DC003BC53C /* Resources */ = {
			isa = PBXResourcesBuildPhase;
			buildActionMask = 2147483647;
			files = (
				CB2550112566D2DE003BC53C /* LaunchScreen.storyboard in Resources */,
				CBF6FA51260791AB00FDE153 /* EditAccountsTableViewCell.xib in Resources */,
				CBDAD52925FEE14C007AA22F /* LocationInputTableViewCell.xib in Resources */,
				CBFC15DB260671D900347B96 /* SetupFavoritePlace.storyboard in Resources */,
				CBFC15B72606072200347B96 /* YourTripsD.storyboard in Resources */,
				CB5C50A025AB8168000A271D /* Localizable.strings in Resources */,
				CB5C7DB825FCFACC00B34F62 /* Login.storyboard in Resources */,
				CBFC15C1260614FB00347B96 /* ProfileInfosTableViewCell.xib in Resources */,
				CBF0AF6F2607EA030030B5F8 /* SettingsD.storyboard in Resources */,
				CBEBB3A7260B7C450047CCC6 /* Launch.storyboard in Resources */,
				CB25500E2566D2DE003BC53C /* Assets.xcassets in Resources */,
				CB5C7E2025FD58AD00B34F62 /* Signup.storyboard in Resources */,
				CB77A10626018A56009A6FB6 /* Pickup.storyboard in Resources */,
				CB77A0F626012E34009A6FB6 /* HomeD.storyboard in Resources */,
				CBDAD51225FE817E007AA22F /* HomeP.storyboard in Resources */,
				CBFC15AD26056D8600347B96 /* TripsTableViewCell.xib in Resources */,
				CBF6FA3F2607841200FDE153 /* EditAccount.storyboard in Resources */,
				CBDAD52025FECDAE007AA22F /* LocationInput.storyboard in Resources */,
				CBFC15C92606344B00347B96 /* SettingsP.storyboard in Resources */,
				CB64542326135BF6008C895C /* GoogleService-Info.plist in Resources */,
				CBFC159C2605650700347B96 /* YourTripsP.storyboard in Resources */,
				CBDAD53325FF863A007AA22F /* FavoritePlacesTableViewCell.xib in Resources */,
				CB77A0EE2600EAB2009A6FB6 /* SideMenuTableViewCell.xib in Resources */,
			);
			runOnlyForDeploymentPostprocessing = 0;
		};
/* End PBXResourcesBuildPhase section */

/* Begin PBXShellScriptBuildPhase section */
		30A20C2C3F88F255FE38150C /* [CP] Copy Pods Resources */ = {
			isa = PBXShellScriptBuildPhase;
			buildActionMask = 2147483647;
			files = (
			);
			inputFileListPaths = (
				"${PODS_ROOT}/Target Support Files/Pods-Quadrant/Pods-Quadrant-resources-${CONFIGURATION}-input-files.xcfilelist",
			);
			name = "[CP] Copy Pods Resources";
			outputFileListPaths = (
				"${PODS_ROOT}/Target Support Files/Pods-Quadrant/Pods-Quadrant-resources-${CONFIGURATION}-output-files.xcfilelist",
			);
			runOnlyForDeploymentPostprocessing = 0;
			shellPath = /bin/sh;
			shellScript = "\"${PODS_ROOT}/Target Support Files/Pods-Quadrant/Pods-Quadrant-resources.sh\"\n";
			showEnvVarsInLog = 0;
		};
		A51DD2DCC997188EBC019EA3 /* [CP] Check Pods Manifest.lock */ = {
			isa = PBXShellScriptBuildPhase;
			buildActionMask = 2147483647;
			files = (
			);
			inputFileListPaths = (
			);
			inputPaths = (
				"${PODS_PODFILE_DIR_PATH}/Podfile.lock",
				"${PODS_ROOT}/Manifest.lock",
			);
			name = "[CP] Check Pods Manifest.lock";
			outputFileListPaths = (
			);
			outputPaths = (
				"$(DERIVED_FILE_DIR)/Pods-Quadrant-checkManifestLockResult.txt",
			);
			runOnlyForDeploymentPostprocessing = 0;
			shellPath = /bin/sh;
			shellScript = "diff \"${PODS_PODFILE_DIR_PATH}/Podfile.lock\" \"${PODS_ROOT}/Manifest.lock\" > /dev/null\nif [ $? != 0 ] ; then\n    # print error to STDERR\n    echo \"error: The sandbox is not in sync with the Podfile.lock. Run 'pod install' or update your CocoaPods installation.\" >&2\n    exit 1\nfi\n# This output is used by Xcode 'outputs' to avoid re-running this script phase.\necho \"SUCCESS\" > \"${SCRIPT_OUTPUT_FILE_0}\"\n";
			showEnvVarsInLog = 0;
		};
/* End PBXShellScriptBuildPhase section */

/* Begin PBXSourcesBuildPhase section */
		CB254FFD2566D2DC003BC53C /* Sources */ = {
			isa = PBXSourcesBuildPhase;
			buildActionMask = 2147483647;
			files = (
				CB2550052566D2DC003BC53C /* AppDelegate.swift in Sources */,
				CBFC1597260564EE00347B96 /* YourTripsPViewController.swift in Sources */,
				CBDCB7132596026600D80759 /* FavoritePlace.swift in Sources */,
				CBF6FA4B2607848100FDE153 /* EditPasswordViewController.swift in Sources */,
				CBF48A6D260AAA9A0061976D /* UIColorEX.swift in Sources */,
				CB500B3F25854827005CD813 /* Enumerations.swift in Sources */,
				CB77A0F926012E75009A6FB6 /* SideMenuDViewController.swift in Sources */,
				CBDAD51D25FECD92007AA22F /* LocationInputViewController.swift in Sources */,
				CBF6FA422607845300FDE153 /* EditFirstnameViewController.swift in Sources */,
				CBFC15C62606343900347B96 /* SettingsPViewController.swift in Sources */,
				CBF0AF722607EA150030B5F8 /* SettingsDViewModel.swift in Sources */,
				CBFC15A0260568FE00347B96 /* YourTripsPViewModel.swift in Sources */,
				CB77A0ED2600EAB2009A6FB6 /* SideMenuTableViewCell.swift in Sources */,
				CBDAD53225FF863A007AA22F /* FavoritePlacesTableViewCell.swift in Sources */,
				CB500B35258104FD005CD813 /* Trip.swift in Sources */,
				CBFC15B32606071500347B96 /* YourTripsDViewController.swift in Sources */,
				CB500B0425767BB9005CD813 /* DriverAnnotation.swift in Sources */,
				CBF48A70260AAABA0061976D /* MKMapViewEX.swift in Sources */,
				CBDAD52825FEE14C007AA22F /* LocationInputTableViewCell.swift in Sources */,
				CBFC15CE260635FC00347B96 /* SettingsPViewModel.swift in Sources */,
				CB77A109260239F3009A6FB6 /* PickupDViewModel.swift in Sources */,
				CB77A0FD2601436D009A6FB6 /* HomeDViewModel.swift in Sources */,
				CB5C4FE2259EA1EF000A271D /* LoadingButton.swift in Sources */,
				CBDAD51525FE906D007AA22F /* SideMenuPViewController.swift in Sources */,
				CB5C7DB525FCFAB300B34F62 /* LoginViewController.swift in Sources */,
				CBDAD52C25FEEC1F007AA22F /* LocationInputPViewModel.swift in Sources */,
				CB5C7E1725FD4EEC00B34F62 /* LoginViewModel.swift in Sources */,
				CB77A10326018A4C009A6FB6 /* PickupViewController.swift in Sources */,
				CBF0AF6C2607E9F70030B5F8 /* SettingsDViewController.swift in Sources */,
				CBDAD55525FFF19B007AA22F /* HomePViewModel.swift in Sources */,
				CB2550072566D2DC003BC53C /* SceneDelegate.swift in Sources */,
				CBEBB3A4260B7C3B0047CCC6 /* LaunchViewController.swift in Sources */,
				CB5C504225A4978D000A271D /* UIViewControllerEX.swift in Sources */,
				CBF6FA452607846000FDE153 /* EditSurnameViewController.swift in Sources */,
				CBDAD50E25FE8156007AA22F /* HomePViewController.swift in Sources */,
				CBFC15BA2606080900347B96 /* YourTripsDViewModel.swift in Sources */,
				CBFC15D42606705F00347B96 /* SetupFavoritePlaceViewModel.swift in Sources */,
				CBF6FA3B260783F300FDE153 /* EditAccountViewController.swift in Sources */,
				CB77A0F326012E24009A6FB6 /* HomeDViewController.swift in Sources */,
				CBF48A75260AB3EF0061976D /* FirebaseRefrences.swift in Sources */,
				CBFC15C0260614FB00347B96 /* ProfileInfosTableViewCell.swift in Sources */,
				CBFC15D8260671CD00347B96 /* SetupFavoritePlaceViewController.swift in Sources */,
				CB5C7E1C25FD588E00B34F62 /* SignupViewController.swift in Sources */,
				CBFC15AC26056D8600347B96 /* TripsTableViewCell.swift in Sources */,
				CB39B4202610F9EE004E6F8F /* ReachabilityManager.swift in Sources */,
				CBF6FA482607847100FDE153 /* EditPhonenumberViewController.swift in Sources */,
				CB5C7E2325FD645700B34F62 /* SignupViewModel.swift in Sources */,
				CB500AE825752FF3005CD813 /* User.swift in Sources */,
				CBF6FA50260791AB00FDE153 /* EditAccountsTableViewCell.swift in Sources */,
			);
			runOnlyForDeploymentPostprocessing = 0;
		};
/* End PBXSourcesBuildPhase section */

/* Begin PBXVariantGroup section */
		CB25500F2566D2DE003BC53C /* LaunchScreen.storyboard */ = {
			isa = PBXVariantGroup;
			children = (
				CB2550102566D2DE003BC53C /* Base */,
			);
			name = LaunchScreen.storyboard;
			sourceTree = "<group>";
		};
		CB5C50A225AB8168000A271D /* Localizable.strings */ = {
			isa = PBXVariantGroup;
			children = (
				CB5C50A125AB8168000A271D /* en */,
				CB5C50A425AB816B000A271D /* ar */,
			);
			name = Localizable.strings;
			sourceTree = "<group>";
		};
/* End PBXVariantGroup section */

/* Begin XCBuildConfiguration section */
		CB2550132566D2DE003BC53C /* Debug */ = {
			isa = XCBuildConfiguration;
			buildSettings = {
				ALWAYS_SEARCH_USER_PATHS = NO;
				CLANG_ANALYZER_LOCALIZABILITY_NONLOCALIZED = YES;
				CLANG_ANALYZER_NONNULL = YES;
				CLANG_ANALYZER_NUMBER_OBJECT_CONVERSION = YES_AGGRESSIVE;
				CLANG_CXX_LANGUAGE_STANDARD = "gnu++14";
				CLANG_CXX_LIBRARY = "libc++";
				CLANG_ENABLE_MODULES = YES;
				CLANG_ENABLE_OBJC_ARC = YES;
				CLANG_ENABLE_OBJC_WEAK = YES;
				CLANG_WARN_BLOCK_CAPTURE_AUTORELEASING = YES;
				CLANG_WARN_BOOL_CONVERSION = YES;
				CLANG_WARN_COMMA = YES;
				CLANG_WARN_CONSTANT_CONVERSION = YES;
				CLANG_WARN_DEPRECATED_OBJC_IMPLEMENTATIONS = YES;
				CLANG_WARN_DIRECT_OBJC_ISA_USAGE = YES_ERROR;
				CLANG_WARN_DOCUMENTATION_COMMENTS = YES;
				CLANG_WARN_EMPTY_BODY = YES;
				CLANG_WARN_ENUM_CONVERSION = YES;
				CLANG_WARN_INFINITE_RECURSION = YES;
				CLANG_WARN_INT_CONVERSION = YES;
				CLANG_WARN_NON_LITERAL_NULL_CONVERSION = YES;
				CLANG_WARN_OBJC_IMPLICIT_RETAIN_SELF = YES;
				CLANG_WARN_OBJC_LITERAL_CONVERSION = YES;
				CLANG_WARN_OBJC_ROOT_CLASS = YES_ERROR;
				CLANG_WARN_QUOTED_INCLUDE_IN_FRAMEWORK_HEADER = YES;
				CLANG_WARN_RANGE_LOOP_ANALYSIS = YES;
				CLANG_WARN_STRICT_PROTOTYPES = YES;
				CLANG_WARN_SUSPICIOUS_MOVE = YES;
				CLANG_WARN_UNGUARDED_AVAILABILITY = YES_AGGRESSIVE;
				CLANG_WARN_UNREACHABLE_CODE = YES;
				CLANG_WARN__DUPLICATE_METHOD_MATCH = YES;
				CODE_SIGN_IDENTITY = "Ad Hoc Code Sign";
				"CODE_SIGN_IDENTITY[sdk=iphoneos*]" = "Ad Hoc Code Sign";
				COPY_PHASE_STRIP = NO;
				DEBUG_INFORMATION_FORMAT = dwarf;
				DEVELOPMENT_TEAM = H9CA4UU97K;
				ENABLE_STRICT_OBJC_MSGSEND = YES;
				ENABLE_TESTABILITY = YES;
				GCC_C_LANGUAGE_STANDARD = gnu11;
				GCC_DYNAMIC_NO_PIC = NO;
				GCC_NO_COMMON_BLOCKS = YES;
				GCC_OPTIMIZATION_LEVEL = 0;
				GCC_PREPROCESSOR_DEFINITIONS = (
					"DEBUG=1",
					"$(inherited)",
				);
				GCC_WARN_64_TO_32_BIT_CONVERSION = YES;
				GCC_WARN_ABOUT_RETURN_TYPE = YES_ERROR;
				GCC_WARN_UNDECLARED_SELECTOR = YES;
				GCC_WARN_UNINITIALIZED_AUTOS = YES_AGGRESSIVE;
				GCC_WARN_UNUSED_FUNCTION = YES;
				GCC_WARN_UNUSED_VARIABLE = YES;
				IPHONEOS_DEPLOYMENT_TARGET = 12.0;
				MTL_ENABLE_DEBUG_INFO = INCLUDE_SOURCE;
				MTL_FAST_MATH = YES;
				ONLY_ACTIVE_ARCH = YES;
				SDKROOT = iphoneos;
				SWIFT_ACTIVE_COMPILATION_CONDITIONS = DEBUG;
				SWIFT_OPTIMIZATION_LEVEL = "-Onone";
			};
			name = Debug;
		};
		CB2550142566D2DE003BC53C /* Release */ = {
			isa = XCBuildConfiguration;
			buildSettings = {
				ALWAYS_SEARCH_USER_PATHS = NO;
				CLANG_ANALYZER_LOCALIZABILITY_NONLOCALIZED = YES;
				CLANG_ANALYZER_NONNULL = YES;
				CLANG_ANALYZER_NUMBER_OBJECT_CONVERSION = YES_AGGRESSIVE;
				CLANG_CXX_LANGUAGE_STANDARD = "gnu++14";
				CLANG_CXX_LIBRARY = "libc++";
				CLANG_ENABLE_MODULES = YES;
				CLANG_ENABLE_OBJC_ARC = YES;
				CLANG_ENABLE_OBJC_WEAK = YES;
				CLANG_WARN_BLOCK_CAPTURE_AUTORELEASING = YES;
				CLANG_WARN_BOOL_CONVERSION = YES;
				CLANG_WARN_COMMA = YES;
				CLANG_WARN_CONSTANT_CONVERSION = YES;
				CLANG_WARN_DEPRECATED_OBJC_IMPLEMENTATIONS = YES;
				CLANG_WARN_DIRECT_OBJC_ISA_USAGE = YES_ERROR;
				CLANG_WARN_DOCUMENTATION_COMMENTS = YES;
				CLANG_WARN_EMPTY_BODY = YES;
				CLANG_WARN_ENUM_CONVERSION = YES;
				CLANG_WARN_INFINITE_RECURSION = YES;
				CLANG_WARN_INT_CONVERSION = YES;
				CLANG_WARN_NON_LITERAL_NULL_CONVERSION = YES;
				CLANG_WARN_OBJC_IMPLICIT_RETAIN_SELF = YES;
				CLANG_WARN_OBJC_LITERAL_CONVERSION = YES;
				CLANG_WARN_OBJC_ROOT_CLASS = YES_ERROR;
				CLANG_WARN_QUOTED_INCLUDE_IN_FRAMEWORK_HEADER = YES;
				CLANG_WARN_RANGE_LOOP_ANALYSIS = YES;
				CLANG_WARN_STRICT_PROTOTYPES = YES;
				CLANG_WARN_SUSPICIOUS_MOVE = YES;
				CLANG_WARN_UNGUARDED_AVAILABILITY = YES_AGGRESSIVE;
				CLANG_WARN_UNREACHABLE_CODE = YES;
				CLANG_WARN__DUPLICATE_METHOD_MATCH = YES;
				CODE_SIGN_IDENTITY = "Ad Hoc Code Sign";
				"CODE_SIGN_IDENTITY[sdk=iphoneos*]" = "Ad Hoc Code Sign";
				COPY_PHASE_STRIP = NO;
				DEBUG_INFORMATION_FORMAT = "dwarf-with-dsym";
				DEVELOPMENT_TEAM = H9CA4UU97K;
				ENABLE_NS_ASSERTIONS = NO;
				ENABLE_STRICT_OBJC_MSGSEND = YES;
				GCC_C_LANGUAGE_STANDARD = gnu11;
				GCC_NO_COMMON_BLOCKS = YES;
				GCC_WARN_64_TO_32_BIT_CONVERSION = YES;
				GCC_WARN_ABOUT_RETURN_TYPE = YES_ERROR;
				GCC_WARN_UNDECLARED_SELECTOR = YES;
				GCC_WARN_UNINITIALIZED_AUTOS = YES_AGGRESSIVE;
				GCC_WARN_UNUSED_FUNCTION = YES;
				GCC_WARN_UNUSED_VARIABLE = YES;
				IPHONEOS_DEPLOYMENT_TARGET = 12.0;
				MTL_ENABLE_DEBUG_INFO = NO;
				MTL_FAST_MATH = YES;
				SDKROOT = iphoneos;
				SWIFT_COMPILATION_MODE = wholemodule;
				SWIFT_OPTIMIZATION_LEVEL = "-O";
				VALIDATE_PRODUCT = YES;
			};
			name = Release;
		};
		CB2550162566D2DE003BC53C /* Debug */ = {
			isa = XCBuildConfiguration;
			baseConfigurationReference = 4C3C4E5F985E60FF5DB26066 /* Pods-Quadrant.debug.xcconfig */;
			buildSettings = {
				ASSETCATALOG_COMPILER_APPICON_NAME = AppIcon;
				ASSETCATALOG_COMPILER_GLOBAL_ACCENT_COLOR_NAME = AccentColor;
				CODE_SIGN_ENTITLEMENTS = Quadrant/Quadrant.entitlements;
				CODE_SIGN_IDENTITY = "Apple Development";
				CODE_SIGN_STYLE = Automatic;
				DEVELOPMENT_TEAM = H9CA4UU97K;
				INFOPLIST_FILE = Quadrant/Info.plist;
				IPHONEOS_DEPLOYMENT_TARGET = 12.0;
				LD_RUNPATH_SEARCH_PATHS = (
					"$(inherited)",
					"@executable_path/Frameworks",
				);
				PRODUCT_BUNDLE_IDENTIFIER = marwan.Quadrant;
				PRODUCT_NAME = "$(TARGET_NAME)";
				PROVISIONING_PROFILE_SPECIFIER = "";
				SWIFT_VERSION = 5.0;
				TARGETED_DEVICE_FAMILY = 1;
			};
			name = Debug;
		};
		CB2550172566D2DE003BC53C /* Release */ = {
			isa = XCBuildConfiguration;
			baseConfigurationReference = FC36ADEDBA85C218BAC316A6 /* Pods-Quadrant.release.xcconfig */;
			buildSettings = {
				ASSETCATALOG_COMPILER_APPICON_NAME = AppIcon;
				ASSETCATALOG_COMPILER_GLOBAL_ACCENT_COLOR_NAME = AccentColor;
				CODE_SIGN_ENTITLEMENTS = Quadrant/Quadrant.entitlements;
				CODE_SIGN_IDENTITY = "Apple Development";
				CODE_SIGN_STYLE = Automatic;
				DEVELOPMENT_TEAM = H9CA4UU97K;
				INFOPLIST_FILE = Quadrant/Info.plist;
				IPHONEOS_DEPLOYMENT_TARGET = 12.0;
				LD_RUNPATH_SEARCH_PATHS = (
					"$(inherited)",
					"@executable_path/Frameworks",
				);
				PRODUCT_BUNDLE_IDENTIFIER = marwan.Quadrant;
				PRODUCT_NAME = "$(TARGET_NAME)";
				PROVISIONING_PROFILE_SPECIFIER = "";
				SWIFT_VERSION = 5.0;
				TARGETED_DEVICE_FAMILY = 1;
			};
			name = Release;
		};
/* End XCBuildConfiguration section */

/* Begin XCConfigurationList section */
		CB254FFC2566D2DC003BC53C /* Build configuration list for PBXProject "Quadrant" */ = {
			isa = XCConfigurationList;
			buildConfigurations = (
				CB2550132566D2DE003BC53C /* Debug */,
				CB2550142566D2DE003BC53C /* Release */,
			);
			defaultConfigurationIsVisible = 0;
			defaultConfigurationName = Release;
		};
		CB2550152566D2DE003BC53C /* Build configuration list for PBXNativeTarget "Quadrant" */ = {
			isa = XCConfigurationList;
			buildConfigurations = (
				CB2550162566D2DE003BC53C /* Debug */,
				CB2550172566D2DE003BC53C /* Release */,
			);
			defaultConfigurationIsVisible = 0;
			defaultConfigurationName = Release;
		};
/* End XCConfigurationList section */
	};
	rootObject = CB254FF92566D2DC003BC53C /* Project object */;
}
